github.com/995933447/reflectutil v0.0.0-20220816152525-eaa34e263589 h1:OCJ+gSk/+q9O/C3Q4RLK5d7LmHwOhCHC7aTgT3TgnoI=
github.com/995933447/reflectutil v0.0.0-20220816152525-eaa34e263589/go.mod h1:Tkho/yq1vuQTuZSuacoXxDkMvU1qtjjbAsB6VEamfa0=
github.com/995933447/reflectutil v0.0.0-20230630100141-2cf8599f7a82 h1:2tx2JOVFQ8tUlWWzH7BvLMORFeLLXdIh8KXl9j+FoBQ=
github.com/995933447/reflectutil v0.0.0-20230630100141-2cf8599f7a82/go.mod h1:Tkho/yq1vuQTuZSuacoXxDkMvU1qtjjbAsB6VEamfa0=
github.com/995933447/stringhelper-go v0.0.0-20221220072216-628db3bc29d8 h1:q37SO0GTj/dk35jov187h3CACffZle6KjVzgGOrLkBM=
github.com/995933447/stringhelper-go v0.0.0-20221220072216-628db3bc29d8/go.mod h1:cwkwj1/zndmaLbRYgQqy6qwY/ITAiEMdR+1BGssgXik=
